
Microsoft Visual Studio Solution File, Format Version 12.00
# Visual Studio Version 17
VisualStudioVersion = 17.1.32210.238
MinimumVisualStudioVersion = 10.0.40219.1
Project("{FAE04EC0-301F-11D3-BF4B-00C04F79EFBC}") = "AddressBookSystem_js", "AddressBookSystem_js\AddressBookSystem_js.csproj", "{6F12A614-AA92-4E4C-8A0F-13A7107E809A}"
EndProject
Global
	GlobalSection(SolutionConfigurationPlatforms) = preSolution
		Debug|Any CPU = Debug|Any CPU
		Release|Any CPU = Release|Any CPU
	EndGlobalSection
	GlobalSection(ProjectConfigurationPlatforms) = postSolution
		{6F12A614-AA92-4E4C-8A0F-13A7107E809A}.Debug|Any CPU.ActiveCfg = Debug|Any CPU
		{6F12A614-AA92-4E4C-8A0F-13A7107E809A}.Debug|Any CPU.Build.0 = Debug|Any CPU
		{6F12A614-AA92-4E4C-8A0F-13A7107E809A}.Release|Any CPU.ActiveCfg = Release|Any CPU
		{6F12A614-AA92-4E4C-8A0F-13A7107E809A}.Release|Any CPU.Build.0 = Release|Any CPU
	EndGlobalSection
	GlobalSection(SolutionProperties) = preSolution
		HideSolutionNode = FALSE
	EndGlobalSection
	GlobalSection(ExtensibilityGlobals) = postSolution
		SolutionGuid = {153174BA-68C2-45C8-98A0-3F51A55D4BA0}
	EndGlobalSection
EndGlobal
